// !$*UTF8*$!
{
	archiveVersion = 1;
	classes = {
	};
	objectVersion = 56;
	objects = {

/* Begin PBXBuildFile section */
		8F90211A28FB4E3100D8545F /* SpeechLessApp.swift in Sources */ = {isa = PBXBuildFile; fileRef = 8F90211928FB4E3100D8545F /* SpeechLessApp.swift */; };
		8F90211C28FB4E3100D8545F /* ContentView.swift in Sources */ = {isa = PBXBuildFile; fileRef = 8F90211B28FB4E3100D8545F /* ContentView.swift */; };
		8F90211E28FB4E3300D8545F /* Assets.xcassets in Resources */ = {isa = PBXBuildFile; fileRef = 8F90211D28FB4E3300D8545F /* Assets.xcassets */; };
		8F90212128FB4E3300D8545F /* Preview Assets.xcassets in Resources */ = {isa = PBXBuildFile; fileRef = 8F90212028FB4E3300D8545F /* Preview Assets.xcassets */; };
		8F90212B28FB4E3300D8545F /* SpeechLessTests.swift in Sources */ = {isa = PBXBuildFile; fileRef = 8F90212A28FB4E3300D8545F /* SpeechLessTests.swift */; };
		8F90213528FB4E3300D8545F /* SpeechLessUITests.swift in Sources */ = {isa = PBXBuildFile; fileRef = 8F90213428FB4E3300D8545F /* SpeechLessUITests.swift */; };
		8F90213728FB4E3300D8545F /* SpeechLessUITestsLaunchTests.swift in Sources */ = {isa = PBXBuildFile; fileRef = 8F90213628FB4E3300D8545F /* SpeechLessUITestsLaunchTests.swift */; };
		8F90214528FB4EB100D8545F /* google in Resources */ = {isa = PBXBuildFile; fileRef = 8F90214328FB4EB000D8545F /* google */; };
		8F90214628FB4EB100D8545F /* googleapis.podspec in Resources */ = {isa = PBXBuildFile; fileRef = 8F90214428FB4EB000D8545F /* googleapis.podspec */; };
		8F90214928FB4EEC00D8545F /* AudioController.swift in Sources */ = {isa = PBXBuildFile; fileRef = 8F90214728FB4EEC00D8545F /* AudioController.swift */; };
		8F90214A28FB4EEC00D8545F /* SpeechRecognitionService.swift in Sources */ = {isa = PBXBuildFile; fileRef = 8F90214828FB4EEC00D8545F /* SpeechRecognitionService.swift */; };
		8F90214C28FB520500D8545F /* Podfile in Resources */ = {isa = PBXBuildFile; fileRef = 8F90214B28FB520500D8545F /* Podfile */; };
/* End PBXBuildFile section */

/* Begin PBXContainerItemProxy section */
		8F90212728FB4E3300D8545F /* PBXContainerItemProxy */ = {
			isa = PBXContainerItemProxy;
			containerPortal = 8F90210E28FB4E3100D8545F /* Project object */;
			proxyType = 1;
			remoteGlobalIDString = 8F90211528FB4E3100D8545F;
			remoteInfo = SpeechLess;
		};
		8F90213128FB4E3300D8545F /* PBXContainerItemProxy */ = {
			isa = PBXContainerItemProxy;
			containerPortal = 8F90210E28FB4E3100D8545F /* Project object */;
			proxyType = 1;
			remoteGlobalIDString = 8F90211528FB4E3100D8545F;
			remoteInfo = SpeechLess;
		};
/* End PBXContainerItemProxy section */

/* Begin PBXFileReference section */
		8F90211628FB4E3100D8545F /* SpeechLess.app */ = {isa = PBXFileReference; explicitFileType = wrapper.application; includeInIndex = 0; path = SpeechLess.app; sourceTree = BUILT_PRODUCTS_DIR; };
		8F90211928FB4E3100D8545F /* SpeechLessApp.swift */ = {isa = PBXFileReference; lastKnownFileType = sourcecode.swift; path = SpeechLessApp.swift; sourceTree = "<group>"; };
		8F90211B28FB4E3100D8545F /* ContentView.swift */ = {isa = PBXFileReference; lastKnownFileType = sourcecode.swift; path = ContentView.swift; sourceTree = "<group>"; };
		8F90211D28FB4E3300D8545F /* Assets.xcassets */ = {isa = PBXFileReference; lastKnownFileType = folder.assetcatalog; path = Assets.xcassets; sourceTree = "<group>"; };
		8F90212028FB4E3300D8545F /* Preview Assets.xcassets */ = {isa = PBXFileReference; lastKnownFileType = folder.assetcatalog; path = "Preview Assets.xcassets"; sourceTree = "<group>"; };
		8F90212628FB4E3300D8545F /* SpeechLessTests.xctest */ = {isa = PBXFileReference; explicitFileType = wrapper.cfbundle; includeInIndex = 0; path = SpeechLessTests.xctest; sourceTree = BUILT_PRODUCTS_DIR; };
		8F90212A28FB4E3300D8545F /* SpeechLessTests.swift */ = {isa = PBXFileReference; lastKnownFileType = sourcecode.swift; path = SpeechLessTests.swift; sourceTree = "<group>"; };
		8F90213028FB4E3300D8545F /* SpeechLessUITests.xctest */ = {isa = PBXFileReference; explicitFileType = wrapper.cfbundle; includeInIndex = 0; path = SpeechLessUITests.xctest; sourceTree = BUILT_PRODUCTS_DIR; };
		8F90213428FB4E3300D8545F /* SpeechLessUITests.swift */ = {isa = PBXFileReference; lastKnownFileType = sourcecode.swift; path = SpeechLessUITests.swift; sourceTree = "<group>"; };
		8F90213628FB4E3300D8545F /* SpeechLessUITestsLaunchTests.swift */ = {isa = PBXFileReference; lastKnownFileType = sourcecode.swift; path = SpeechLessUITestsLaunchTests.swift; sourceTree = "<group>"; };
		8F90214328FB4EB000D8545F /* google */ = {isa = PBXFileReference; lastKnownFileType = folder; path = google; sourceTree = "<group>"; };
		8F90214428FB4EB000D8545F /* googleapis.podspec */ = {isa = PBXFileReference; fileEncoding = 4; lastKnownFileType = text; path = googleapis.podspec; sourceTree = "<group>"; };
		8F90214728FB4EEC00D8545F /* AudioController.swift */ = {isa = PBXFileReference; fileEncoding = 4; lastKnownFileType = sourcecode.swift; path = AudioController.swift; sourceTree = "<group>"; };
		8F90214828FB4EEC00D8545F /* SpeechRecognitionService.swift */ = {isa = PBXFileReference; fileEncoding = 4; lastKnownFileType = sourcecode.swift; path = SpeechRecognitionService.swift; sourceTree = "<group>"; };
		8F90214B28FB520500D8545F /* Podfile */ = {isa = PBXFileReference; fileEncoding = 4; lastKnownFileType = text; path = Podfile; sourceTree = SOURCE_ROOT; };
/* End PBXFileReference section */

/* Begin PBXFrameworksBuildPhase section */
		8F90211328FB4E3100D8545F /* Frameworks */ = {
			isa = PBXFrameworksBuildPhase;
			buildActionMask = 2147483647;
			files = (
			);
			runOnlyForDeploymentPostprocessing = 0;
		};
		8F90212328FB4E3300D8545F /* Frameworks */ = {
			isa = PBXFrameworksBuildPhase;
			buildActionMask = 2147483647;
			files = (
			);
			runOnlyForDeploymentPostprocessing = 0;
		};
		8F90212D28FB4E3300D8545F /* Frameworks */ = {
			isa = PBXFrameworksBuildPhase;
			buildActionMask = 2147483647;
			files = (
			);
			runOnlyForDeploymentPostprocessing = 0;
		};
/* End PBXFrameworksBuildPhase section */

/* Begin PBXGroup section */
		8F90210D28FB4E3100D8545F = {
			isa = PBXGroup;
			children = (
				8F90211828FB4E3100D8545F /* SpeechLess */,
				8F90212928FB4E3300D8545F /* SpeechLessTests */,
				8F90213328FB4E3300D8545F /* SpeechLessUITests */,
				8F90211728FB4E3100D8545F /* Products */,
			);
			sourceTree = "<group>";
		};
		8F90211728FB4E3100D8545F /* Products */ = {
			isa = PBXGroup;
			children = (
				8F90211628FB4E3100D8545F /* SpeechLess.app */,
				8F90212628FB4E3300D8545F /* SpeechLessTests.xctest */,
				8F90213028FB4E3300D8545F /* SpeechLessUITests.xctest */,
			);
			name = Products;
			sourceTree = "<group>";
		};
		8F90211828FB4E3100D8545F /* SpeechLess */ = {
			isa = PBXGroup;
			children = (
				8F90211928FB4E3100D8545F /* SpeechLessApp.swift */,
				8F90211B28FB4E3100D8545F /* ContentView.swift */,
				8F90214728FB4EEC00D8545F /* AudioController.swift */,
				8F90214B28FB520500D8545F /* Podfile */,
				8F90214828FB4EEC00D8545F /* SpeechRecognitionService.swift */,
				8F90214328FB4EB000D8545F /* google */,
				8F90214428FB4EB000D8545F /* googleapis.podspec */,
				8F90211D28FB4E3300D8545F /* Assets.xcassets */,
				8F90211F28FB4E3300D8545F /* Preview Content */,
			);
			path = SpeechLess;
			sourceTree = "<group>";
		};
		8F90211F28FB4E3300D8545F /* Preview Content */ = {
			isa = PBXGroup;
			children = (
				8F90212028FB4E3300D8545F /* Preview Assets.xcassets */,
			);
			path = "Preview Content";
			sourceTree = "<group>";
		};
		8F90212928FB4E3300D8545F /* SpeechLessTests */ = {
			isa = PBXGroup;
			children = (
				8F90212A28FB4E3300D8545F /* SpeechLessTests.swift */,
			);
			path = SpeechLessTests;
			sourceTree = "<group>";
		};
		8F90213328FB4E3300D8545F /* SpeechLessUITests */ = {
			isa = PBXGroup;
			children = (
				8F90213428FB4E3300D8545F /* SpeechLessUITests.swift */,
				8F90213628FB4E3300D8545F /* SpeechLessUITestsLaunchTests.swift */,
			);
			path = SpeechLessUITests;
			sourceTree = "<group>";
		};
/* End PBXGroup section */

/* Begin PBXNativeTarget section */
		8F90211528FB4E3100D8545F /* SpeechLess */ = {
			isa = PBXNativeTarget;
			buildConfigurationList = 8F90213A28FB4E3300D8545F /* Build configuration list for PBXNativeTarget "SpeechLess" */;
			buildPhases = (
				8F90211228FB4E3100D8545F /* Sources */,
				8F90211328FB4E3100D8545F /* Frameworks */,
				8F90211428FB4E3100D8545F /* Resources */,
			);
			buildRules = (
			);
			dependencies = (
			);
			name = SpeechLess;
			productName = SpeechLess;
			productReference = 8F90211628FB4E3100D8545F /* SpeechLess.app */;
			productType = "com.apple.product-type.application";
		};
		8F90212528FB4E3300D8545F /* SpeechLessTests */ = {
			isa = PBXNativeTarget;
			buildConfigurationList = 8F90213D28FB4E3300D8545F /* Build configuration list for PBXNativeTarget "SpeechLessTests" */;
			buildPhases = (
				8F90212228FB4E3300D8545F /* Sources */,
				8F90212328FB4E3300D8545F /* Frameworks */,
				8F90212428FB4E3300D8545F /* Resources */,
			);
			buildRules = (
			);
			dependencies = (
				8F90212828FB4E3300D8545F /* PBXTargetDependency */,
			);
			name = SpeechLessTests;
			productName = SpeechLessTests;
			productReference = 8F90212628FB4E3300D8545F /* SpeechLessTests.xctest */;
			productType = "com.apple.product-type.bundle.unit-test";
		};
		8F90212F28FB4E3300D8545F /* SpeechLessUITests */ = {
			isa = PBXNativeTarget;
			buildConfigurationList = 8F90214028FB4E3300D8545F /* Build configuration list for PBXNativeTarget "SpeechLessUITests" */;
			buildPhases = (
				8F90212C28FB4E3300D8545F /* Sources */,
				8F90212D28FB4E3300D8545F /* Frameworks */,
				8F90212E28FB4E3300D8545F /* Resources */,
			);
			buildRules = (
			);
			dependencies = (
				8F90213228FB4E3300D8545F /* PBXTargetDependency */,
			);
			name = SpeechLessUITests;
			productName = SpeechLessUITests;
			productReference = 8F90213028FB4E3300D8545F /* SpeechLessUITests.xctest */;
			productType = "com.apple.product-type.bundle.ui-testing";
		};
/* End PBXNativeTarget section */

/* Begin PBXProject section */
		8F90210E28FB4E3100D8545F /* Project object */ = {
			isa = PBXProject;
			attributes = {
				BuildIndependentTargetsInParallel = 1;
				LastSwiftUpdateCheck = 1400;
				LastUpgradeCheck = 1400;
				TargetAttributes = {
					8F90211528FB4E3100D8545F = {
						CreatedOnToolsVersion = 14.0;
					};
					8F90212528FB4E3300D8545F = {
						CreatedOnToolsVersion = 14.0;
						TestTargetID = 8F90211528FB4E3100D8545F;
					};
					8F90212F28FB4E3300D8545F = {
						CreatedOnToolsVersion = 14.0;
						TestTargetID = 8F90211528FB4E3100D8545F;
					};
				};
			};
			buildConfigurationList = 8F90211128FB4E3100D8545F /* Build configuration list for PBXProject "SpeechLess" */;
			compatibilityVersion = "Xcode 14.0";
			developmentRegion = en;
			hasScannedForEncodings = 0;
			knownRegions = (
				en,
				Base,
			);
			mainGroup = 8F90210D28FB4E3100D8545F;
			productRefGroup = 8F90211728FB4E3100D8545F /* Products */;
			projectDirPath = "";
			projectRoot = "";
			targets = (
				8F90211528FB4E3100D8545F /* SpeechLess */,
				8F90212528FB4E3300D8545F /* SpeechLessTests */,
				8F90212F28FB4E3300D8545F /* SpeechLessUITests */,
			);
		};
/* End PBXProject section */

/* Begin PBXResourcesBuildPhase section */
		8F90211428FB4E3100D8545F /* Resources */ = {
			isa = PBXResourcesBuildPhase;
			buildActionMask = 2147483647;
			files = (
				8F90214C28FB520500D8545F /* Podfile in Resources */,
				8F90214628FB4EB100D8545F /* googleapis.podspec in Resources */,
				8F90212128FB4E3300D8545F /* Preview Assets.xcassets in Resources */,
				8F90214528FB4EB100D8545F /* google in Resources */,
				8F90211E28FB4E3300D8545F /* Assets.xcassets in Resources */,
			);
			runOnlyForDeploymentPostprocessing = 0;
		};
		8F90212428FB4E3300D8545F /* Resources */ = {
			isa = PBXResourcesBuildPhase;
			buildActionMask = 2147483647;
			files = (
			);
			runOnlyForDeploymentPostprocessing = 0;
		};
		8F90212E28FB4E3300D8545F /* Resources */ = {
			isa = PBXResourcesBuildPhase;
			buildActionMask = 2147483647;
			files = (
			);
			runOnlyForDeploymentPostprocessing = 0;
		};
/* End PBXResourcesBuildPhase section */

/* Begin PBXSourcesBuildPhase section */
		8F90211228FB4E3100D8545F /* Sources */ = {
			isa = PBXSourcesBuildPhase;
			buildActionMask = 2147483647;
			files = (
				8F90211C28FB4E3100D8545F /* ContentView.swift in Sources */,
				8F90214928FB4EEC00D8545F /* AudioController.swift in Sources */,
				8F90211A28FB4E3100D8545F /* SpeechLessApp.swift in Sources */,
				8F90214A28FB4EEC00D8545F /* SpeechRecognitionService.swift in Sources */,
			);
			runOnlyForDeploymentPostprocessing = 0;
		};
		8F90212228FB4E3300D8545F /* Sources */ = {
			isa = PBXSourcesBuildPhase;
			buildActionMask = 2147483647;
			files = (
				8F90212B28FB4E3300D8545F /* SpeechLessTests.swift in Sources */,
			);
			runOnlyForDeploymentPostprocessing = 0;
		};
		8F90212C28FB4E3300D8545F /* Sources */ = {
			isa = PBXSourcesBuildPhase;
			buildActionMask = 2147483647;
			files = (
				8F90213528FB4E3300D8545F /* SpeechLessUITests.swift in Sources */,
				8F90213728FB4E3300D8545F /* SpeechLessUITestsLaunchTests.swift in Sources */,
			);
			runOnlyForDeploymentPostprocessing = 0;
		};
/* End PBXSourcesBuildPhase section */

/* Begin PBXTargetDependency section */
		8F90212828FB4E3300D8545F /* PBXTargetDependency */ = {
			isa = PBXTargetDependency;
			target = 8F90211528FB4E3100D8545F /* SpeechLess */;
			targetProxy = 8F90212728FB4E3300D8545F /* PBXContainerItemProxy */;
		};
		8F90213228FB4E3300D8545F /* PBXTargetDependency */ = {
			isa = PBXTargetDependency;
			target = 8F90211528FB4E3100D8545F /* SpeechLess */;
			targetProxy = 8F90213128FB4E3300D8545F /* PBXContainerItemProxy */;
		};
/* End PBXTargetDependency section */

/* Begin XCBuildConfiguration section */
		8F90213828FB4E3300D8545F /* Debug */ = {
			isa = XCBuildConfiguration;
			buildSettings = {
				ALWAYS_SEARCH_USER_PATHS = NO;
				CLANG_ANALYZER_NONNULL = YES;
				CLANG_ANALYZER_NUMBER_OBJECT_CONVERSION = YES_AGGRESSIVE;
				CLANG_CXX_LANGUAGE_STANDARD = "gnu++20";
				CLANG_ENABLE_MODULES = YES;
				CLANG_ENABLE_OBJC_ARC = YES;
				CLANG_ENABLE_OBJC_WEAK = YES;
				CLANG_WARN_BLOCK_CAPTURE_AUTORELEASING = YES;
				CLANG_WARN_BOOL_CONVERSION = YES;
				CLANG_WARN_COMMA = YES;
				CLANG_WARN_CONSTANT_CONVERSION = YES;
				CLANG_WARN_DEPRECATED_OBJC_IMPLEMENTATIONS = YES;
				CLANG_WARN_DIRECT_OBJC_ISA_USAGE = YES_ERROR;
				CLANG_WARN_DOCUMENTATION_COMMENTS = YES;
				CLANG_WARN_EMPTY_BODY = YES;
				CLANG_WARN_ENUM_CONVERSION = YES;
				CLANG_WARN_INFINITE_RECURSION = YES;
				CLANG_WARN_INT_CONVERSION = YES;
				CLANG_WARN_NON_LITERAL_NULL_CONVERSION = YES;
				CLANG_WARN_OBJC_IMPLICIT_RETAIN_SELF = YES;
				CLANG_WARN_OBJC_LITERAL_CONVERSION = YES;
				CLANG_WARN_OBJC_ROOT_CLASS = YES_ERROR;
				CLANG_WARN_QUOTED_INCLUDE_IN_FRAMEWORK_HEADER = YES;
				CLANG_WARN_RANGE_LOOP_ANALYSIS = YES;
				CLANG_WARN_STRICT_PROTOTYPES = YES;
				CLANG_WARN_SUSPICIOUS_MOVE = YES;
				CLANG_WARN_UNGUARDED_AVAILABILITY = YES_AGGRESSIVE;
				CLANG_WARN_UNREACHABLE_CODE = YES;
				CLANG_WARN__DUPLICATE_METHOD_MATCH = YES;
				COPY_PHASE_STRIP = NO;
				DEBUG_INFORMATION_FORMAT = dwarf;
				ENABLE_STRICT_OBJC_MSGSEND = YES;
				ENABLE_TESTABILITY = YES;
				GCC_C_LANGUAGE_STANDARD = gnu11;
				GCC_DYNAMIC_NO_PIC = NO;
				GCC_NO_COMMON_BLOCKS = YES;
				GCC_OPTIMIZATION_LEVEL = 0;
				GCC_PREPROCESSOR_DEFINITIONS = (
					"DEBUG=1",
					"$(inherited)",
				);
				GCC_WARN_64_TO_32_BIT_CONVERSION = YES;
				GCC_WARN_ABOUT_RETURN_TYPE = YES_ERROR;
				GCC_WARN_UNDECLARED_SELECTOR = YES;
				GCC_WARN_UNINITIALIZED_AUTOS = YES_AGGRESSIVE;
				GCC_WARN_UNUSED_FUNCTION = YES;
				GCC_WARN_UNUSED_VARIABLE = YES;
				IPHONEOS_DEPLOYMENT_TARGET = 16.0;
				MTL_ENABLE_DEBUG_INFO = INCLUDE_SOURCE;
				MTL_FAST_MATH = YES;
				ONLY_ACTIVE_ARCH = YES;
				SDKROOT = iphoneos;
				SWIFT_ACTIVE_COMPILATION_CONDITIONS = DEBUG;
				SWIFT_OPTIMIZATION_LEVEL = "-Onone";
			};
			name = Debug;
		};
		8F90213928FB4E3300D8545F /* Release */ = {
			isa = XCBuildConfiguration;
			buildSettings = {
				ALWAYS_SEARCH_USER_PATHS = NO;
				CLANG_ANALYZER_NONNULL = YES;
				CLANG_ANALYZER_NUMBER_OBJECT_CONVERSION = YES_AGGRESSIVE;
				CLANG_CXX_LANGUAGE_STANDARD = "gnu++20";
				CLANG_ENABLE_MODULES = YES;
				CLANG_ENABLE_OBJC_ARC = YES;
				CLANG_ENABLE_OBJC_WEAK = YES;
				CLANG_WARN_BLOCK_CAPTURE_AUTORELEASING = YES;
				CLANG_WARN_BOOL_CONVERSION = YES;
				CLANG_WARN_COMMA = YES;
				CLANG_WARN_CONSTANT_CONVERSION = YES;
				CLANG_WARN_DEPRECATED_OBJC_IMPLEMENTATIONS = YES;
				CLANG_WARN_DIRECT_OBJC_ISA_USAGE = YES_ERROR;
				CLANG_WARN_DOCUMENTATION_COMMENTS = YES;
				CLANG_WARN_EMPTY_BODY = YES;
				CLANG_WARN_ENUM_CONVERSION = YES;
				CLANG_WARN_INFINITE_RECURSION = YES;
				CLANG_WARN_INT_CONVERSION = YES;
				CLANG_WARN_NON_LITERAL_NULL_CONVERSION = YES;
				CLANG_WARN_OBJC_IMPLICIT_RETAIN_SELF = YES;
				CLANG_WARN_OBJC_LITERAL_CONVERSION = YES;
				CLANG_WARN_OBJC_ROOT_CLASS = YES_ERROR;
				CLANG_WARN_QUOTED_INCLUDE_IN_FRAMEWORK_HEADER = YES;
				CLANG_WARN_RANGE_LOOP_ANALYSIS = YES;
				CLANG_WARN_STRICT_PROTOTYPES = YES;
				CLANG_WARN_SUSPICIOUS_MOVE = YES;
				CLANG_WARN_UNGUARDED_AVAILABILITY = YES_AGGRESSIVE;
				CLANG_WARN_UNREACHABLE_CODE = YES;
				CLANG_WARN__DUPLICATE_METHOD_MATCH = YES;
				COPY_PHASE_STRIP = NO;
				DEBUG_INFORMATION_FORMAT = "dwarf-with-dsym";
				ENABLE_NS_ASSERTIONS = NO;
				ENABLE_STRICT_OBJC_MSGSEND = YES;
				GCC_C_LANGUAGE_STANDARD = gnu11;
				GCC_NO_COMMON_BLOCKS = YES;
				GCC_WARN_64_TO_32_BIT_CONVERSION = YES;
				GCC_WARN_ABOUT_RETURN_TYPE = YES_ERROR;
				GCC_WARN_UNDECLARED_SELECTOR = YES;
				GCC_WARN_UNINITIALIZED_AUTOS = YES_AGGRESSIVE;
				GCC_WARN_UNUSED_FUNCTION = YES;
				GCC_WARN_UNUSED_VARIABLE = YES;
				IPHONEOS_DEPLOYMENT_TARGET = 16.0;
				MTL_ENABLE_DEBUG_INFO = NO;
				MTL_FAST_MATH = YES;
				SDKROOT = iphoneos;
				SWIFT_COMPILATION_MODE = wholemodule;
				SWIFT_OPTIMIZATION_LEVEL = "-O";
				VALIDATE_PRODUCT = YES;
			};
			name = Release;
		};
		8F90213B28FB4E3300D8545F /* Debug */ = {
			isa = XCBuildConfiguration;
			buildSettings = {
				ASSETCATALOG_COMPILER_APPICON_NAME = AppIcon;
				ASSETCATALOG_COMPILER_GLOBAL_ACCENT_COLOR_NAME = AccentColor;
				CODE_SIGN_STYLE = Automatic;
				CURRENT_PROJECT_VERSION = 1;
				DEVELOPMENT_ASSET_PATHS = "\"SpeechLess/Preview Content\"";
				DEVELOPMENT_TEAM = 89P42BULRY;
				ENABLE_PREVIEWS = YES;
				GENERATE_INFOPLIST_FILE = YES;
				INFOPLIST_KEY_UIApplicationSceneManifest_Generation = YES;
				INFOPLIST_KEY_UIApplicationSupportsIndirectInputEvents = YES;
				INFOPLIST_KEY_UILaunchScreen_Generation = YES;
				INFOPLIST_KEY_UISupportedInterfaceOrientations_iPad = "UIInterfaceOrientationPortrait UIInterfaceOrientationPortraitUpsideDown UIInterfaceOrientationLandscapeLeft UIInterfaceOrientationLandscapeRight";
				INFOPLIST_KEY_UISupportedInterfaceOrientations_iPhone = "UIInterfaceOrientationPortrait UIInterfaceOrientationLandscapeLeft UIInterfaceOrientationLandscapeRight";
				LD_RUNPATH_SEARCH_PATHS = (
					"$(inherited)",
					"@executable_path/Frameworks",
				);
				MARKETING_VERSION = 1.0;
				PRODUCT_BUNDLE_IDENTIFIER = Amber.SpeechLess;
				PRODUCT_NAME = "$(TARGET_NAME)";
				SWIFT_EMIT_LOC_STRINGS = YES;
				SWIFT_VERSION = 5.0;
				TARGETED_DEVICE_FAMILY = "1,2";
			};
			name = Debug;
		};
		8F90213C28FB4E3300D8545F /* Release */ = {
			isa = XCBuildConfiguration;
			buildSettings = {
				ASSETCATALOG_COMPILER_APPICON_NAME = AppIcon;
				ASSETCATALOG_COMPILER_GLOBAL_ACCENT_COLOR_NAME = AccentColor;
				CODE_SIGN_STYLE = Automatic;
				CURRENT_PROJECT_VERSION = 1;
				DEVELOPMENT_ASSET_PATHS = "\"SpeechLess/Preview Content\"";
				DEVELOPMENT_TEAM = 89P42BULRY;
				ENABLE_PREVIEWS = YES;
				GENERATE_INFOPLIST_FILE = YES;
				INFOPLIST_KEY_UIApplicationSceneManifest_Generation = YES;
				INFOPLIST_KEY_UIApplicationSupportsIndirectInputEvents = YES;
				INFOPLIST_KEY_UILaunchScreen_Generation = YES;
				INFOPLIST_KEY_UISupportedInterfaceOrientations_iPad = "UIInterfaceOrientationPortrait UIInterfaceOrientationPortraitUpsideDown UIInterfaceOrientationLandscapeLeft UIInterfaceOrientationLandscapeRight";
				INFOPLIST_KEY_UISupportedInterfaceOrientations_iPhone = "UIInterfaceOrientationPortrait UIInterfaceOrientationLandscapeLeft UIInterfaceOrientationLandscapeRight";
				LD_RUNPATH_SEARCH_PATHS = (
					"$(inherited)",
					"@executable_path/Frameworks",
				);
				MARKETING_VERSION = 1.0;
				PRODUCT_BUNDLE_IDENTIFIER = Amber.SpeechLess;
				PRODUCT_NAME = "$(TARGET_NAME)";
				SWIFT_EMIT_LOC_STRINGS = YES;
				SWIFT_VERSION = 5.0;
				TARGETED_DEVICE_FAMILY = "1,2";
			};
			name = Release;
		};
		8F90213E28FB4E3300D8545F /* Debug */ = {
			isa = XCBuildConfiguration;
			buildSettings = {
				ALWAYS_EMBED_SWIFT_STANDARD_LIBRARIES = YES;
				BUNDLE_LOADER = "$(TEST_HOST)";
				CODE_SIGN_STYLE = Automatic;
				CURRENT_PROJECT_VERSION = 1;
				DEVELOPMENT_TEAM = 89P42BULRY;
				GENERATE_INFOPLIST_FILE = YES;
				IPHONEOS_DEPLOYMENT_TARGET = 16.0;
				MARKETING_VERSION = 1.0;
				PRODUCT_BUNDLE_IDENTIFIER = Amber.SpeechLessTests;
				PRODUCT_NAME = "$(TARGET_NAME)";
				SWIFT_EMIT_LOC_STRINGS = NO;
				SWIFT_VERSION = 5.0;
				TARGETED_DEVICE_FAMILY = "1,2";
				TEST_HOST = "$(BUILT_PRODUCTS_DIR)/SpeechLess.app/$(BUNDLE_EXECUTABLE_FOLDER_PATH)/SpeechLess";
			};
			name = Debug;
		};
		8F90213F28FB4E3300D8545F /* Release */ = {
			isa = XCBuildConfiguration;
			buildSettings = {
				ALWAYS_EMBED_SWIFT_STANDARD_LIBRARIES = YES;
				BUNDLE_LOADER = "$(TEST_HOST)";
				CODE_SIGN_STYLE = Automatic;
				CURRENT_PROJECT_VERSION = 1;
				DEVELOPMENT_TEAM = 89P42BULRY;
				GENERATE_INFOPLIST_FILE = YES;
				IPHONEOS_DEPLOYMENT_TARGET = 16.0;
				MARKETING_VERSION = 1.0;
				PRODUCT_BUNDLE_IDENTIFIER = Amber.SpeechLessTests;
				PRODUCT_NAME = "$(TARGET_NAME)";
				SWIFT_EMIT_LOC_STRINGS = NO;
				SWIFT_VERSION = 5.0;
				TARGETED_DEVICE_FAMILY = "1,2";
				TEST_HOST = "$(BUILT_PRODUCTS_DIR)/SpeechLess.app/$(BUNDLE_EXECUTABLE_FOLDER_PATH)/SpeechLess";
			};
			name = Release;
		};
		8F90214128FB4E3300D8545F /* Debug */ = {
			isa = XCBuildConfiguration;
			buildSettings = {
				ALWAYS_EMBED_SWIFT_STANDARD_LIBRARIES = YES;
				CODE_SIGN_STYLE = Automatic;
				CURRENT_PROJECT_VERSION = 1;
				DEVELOPMENT_TEAM = 89P42BULRY;
				GENERATE_INFOPLIST_FILE = YES;
				MARKETING_VERSION = 1.0;
				PRODUCT_BUNDLE_IDENTIFIER = Amber.SpeechLessUITests;
				PRODUCT_NAME = "$(TARGET_NAME)";
				SWIFT_EMIT_LOC_STRINGS = NO;
				SWIFT_VERSION = 5.0;
				TARGETED_DEVICE_FAMILY = "1,2";
				TEST_TARGET_NAME = SpeechLess;
			};
			name = Debug;
		};
		8F90214228FB4E3300D8545F /* Release */ = {
			isa = XCBuildConfiguration;
			buildSettings = {
				ALWAYS_EMBED_SWIFT_STANDARD_LIBRARIES = YES;
				CODE_SIGN_STYLE = Automatic;
				CURRENT_PROJECT_VERSION = 1;
				DEVELOPMENT_TEAM = 89P42BULRY;
				GENERATE_INFOPLIST_FILE = YES;
				MARKETING_VERSION = 1.0;
				PRODUCT_BUNDLE_IDENTIFIER = Amber.SpeechLessUITests;
				PRODUCT_NAME = "$(TARGET_NAME)";
				SWIFT_EMIT_LOC_STRINGS = NO;
				SWIFT_VERSION = 5.0;
				TARGETED_DEVICE_FAMILY = "1,2";
				TEST_TARGET_NAME = SpeechLess;
			};
			name = Release;
		};
/* End XCBuildConfiguration section */

/* Begin XCConfigurationList section */
		8F90211128FB4E3100D8545F /* Build configuration list for PBXProject "SpeechLess" */ = {
			isa = XCConfigurationList;
			buildConfigurations = (
				8F90213828FB4E3300D8545F /* Debug */,
				8F90213928FB4E3300D8545F /* Release */,
			);
			defaultConfigurationIsVisible = 0;
			defaultConfigurationName = Release;
		};
		8F90213A28FB4E3300D8545F /* Build configuration list for PBXNativeTarget "SpeechLess" */ = {
			isa = XCConfigurationList;
			buildConfigurations = (
				8F90213B28FB4E3300D8545F /* Debug */,
				8F90213C28FB4E3300D8545F /* Release */,
			);
			defaultConfigurationIsVisible = 0;
			defaultConfigurationName = Release;
		};
		8F90213D28FB4E3300D8545F /* Build configuration list for PBXNativeTarget "SpeechLessTests" */ = {
			isa = XCConfigurationList;
			buildConfigurations = (
				8F90213E28FB4E3300D8545F /* Debug */,
				8F90213F28FB4E3300D8545F /* Release */,
			);
			defaultConfigurationIsVisible = 0;
			defaultConfigurationName = Release;
		};
		8F90214028FB4E3300D8545F /* Build configuration list for PBXNativeTarget "SpeechLessUITests" */ = {
			isa = XCConfigurationList;
			buildConfigurations = (
				8F90214128FB4E3300D8545F /* Debug */,
				8F90214228FB4E3300D8545F /* Release */,
			);
			defaultConfigurationIsVisible = 0;
			defaultConfigurationName = Release;
		};
/* End XCConfigurationList section */
	};
	rootObject = 8F90210E28FB4E3100D8545F /* Project object */;
}
